
Microsoft Visual Studio Solution File, Format Version 12.00
# Visual Studio Version 16
VisualStudioVersion = 16.0.29215.179
MinimumVisualStudioVersion = 10.0.40219.1
Project("{FAE04EC0-301F-11D3-BF4B-00C04F79EFBC}") = "AlgorithmsCSharp", "AlgorithmsCSharp.csproj", "{253B42A9-08A7-4000-8389-CE5BE8CD8471}"
EndProject
Global
	GlobalSection(SolutionConfigurationPlatforms) = preSolution
		Debug|Any CPU = Debug|Any CPU
		Release|Any CPU = Release|Any CPU
	EndGlobalSection
	GlobalSection(ProjectConfigurationPlatforms) = postSolution
		{253B42A9-08A7-4000-8389-CE5BE8CD8471}.Debug|Any CPU.ActiveCfg = Debug|Any CPU
		{253B42A9-08A7-4000-8389-CE5BE8CD8471}.Debug|Any CPU.Build.0 = Debug|Any CPU
		{253B42A9-08A7-4000-8389-CE5BE8CD8471}.Release|Any CPU.ActiveCfg = Release|Any CPU
		{253B42A9-08A7-4000-8389-CE5BE8CD8471}.Release|Any CPU.Build.0 = Release|Any CPU
	EndGlobalSection
	GlobalSection(SolutionProperties) = preSolution
		HideSolutionNode = FALSE
	EndGlobalSection
	GlobalSection(ExtensibilityGlobals) = postSolution
		SolutionGuid = {BC58B8C2-8AF2-4BDA-B89B-915174E1FA79}
	EndGlobalSection
EndGlobal
